// !$*UTF8*$!
{
	archiveVersion = 1;
	classes = {
	};
	objectVersion = 46;
	objects = {

/* Begin PBXBuildFile section */
		056F5934147EE84D0076010D /* Foundation.framework in Frameworks */ = {isa = PBXBuildFile; fileRef = 056F5933147EE84D0076010D /* Foundation.framework */; };
		056F5942147EE84D0076010D /* SenTestingKit.framework in Frameworks */ = {isa = PBXBuildFile; fileRef = 056F5941147EE84D0076010D /* SenTestingKit.framework */; };
		056F5945147EE84D0076010D /* Foundation.framework in Frameworks */ = {isa = PBXBuildFile; fileRef = 056F5933147EE84D0076010D /* Foundation.framework */; };
		056F5948147EE84D0076010D /* libGVCFoundation.a in Frameworks */ = {isa = PBXBuildFile; fileRef = 056F5930147EE84D0076010D /* libGVCFoundation.a */; };
		056F594E147EE84D0076010D /* InfoPlist.strings in Resources */ = {isa = PBXBuildFile; fileRef = 056F594C147EE84D0076010D /* InfoPlist.strings */; };
		056F5951147EE84D0076010D /* GVCFoundationTests.m in Sources */ = {isa = PBXBuildFile; fileRef = 056F5950147EE84D0076010D /* GVCFoundationTests.m */; };
		056F5986147EEDB20076010D /* NSArrayAdditionsTest.m in Sources */ = {isa = PBXBuildFile; fileRef = 056F5983147EEDB20076010D /* NSArrayAdditionsTest.m */; };
		056F5987147EEDB20076010D /* NSDataAdditionsTest.m in Sources */ = {isa = PBXBuildFile; fileRef = 056F5984147EEDB20076010D /* NSDataAdditionsTest.m */; };
		056F5988147EEDB20076010D /* NSStringAdditionsTest.m in Sources */ = {isa = PBXBuildFile; fileRef = 056F5985147EEDB20076010D /* NSStringAdditionsTest.m */; };
		056F5992147EEDC40076010D /* NSArray+GVCFoundation.h in Headers */ = {isa = PBXBuildFile; fileRef = 056F598A147EEDC40076010D /* NSArray+GVCFoundation.h */; settings = {ATTRIBUTES = (Public, ); }; };
		056F5993147EEDC40076010D /* NSArray+GVCFoundation.m in Sources */ = {isa = PBXBuildFile; fileRef = 056F598B147EEDC40076010D /* NSArray+GVCFoundation.m */; };
		056F5994147EEDC40076010D /* NSBundle+GVCFoundation.h in Headers */ = {isa = PBXBuildFile; fileRef = 056F598C147EEDC40076010D /* NSBundle+GVCFoundation.h */; settings = {ATTRIBUTES = (Public, ); }; };
		056F5995147EEDC40076010D /* NSBundle+GVCFoundation.m in Sources */ = {isa = PBXBuildFile; fileRef = 056F598D147EEDC40076010D /* NSBundle+GVCFoundation.m */; };
		056F5996147EEDC40076010D /* NSData+GVCFoundation.h in Headers */ = {isa = PBXBuildFile; fileRef = 056F598E147EEDC40076010D /* NSData+GVCFoundation.h */; settings = {ATTRIBUTES = (Public, ); }; };
		056F5997147EEDC40076010D /* NSData+GVCFoundation.m in Sources */ = {isa = PBXBuildFile; fileRef = 056F598F147EEDC40076010D /* NSData+GVCFoundation.m */; };
		056F5998147EEDC40076010D /* NSString+GVCFoundation.h in Headers */ = {isa = PBXBuildFile; fileRef = 056F5990147EEDC40076010D /* NSString+GVCFoundation.h */; settings = {ATTRIBUTES = (Public, ); }; };
		056F5999147EEDC40076010D /* NSString+GVCFoundation.m in Sources */ = {isa = PBXBuildFile; fileRef = 056F5991147EEDC40076010D /* NSString+GVCFoundation.m */; };
		056F599D147EEDD10076010D /* GVCFunctions.h in Headers */ = {isa = PBXBuildFile; fileRef = 056F599A147EEDD10076010D /* GVCFunctions.h */; settings = {ATTRIBUTES = (Public, ); }; };
		056F599E147EEDD10076010D /* GVCFunctions.m in Sources */ = {isa = PBXBuildFile; fileRef = 056F599B147EEDD10076010D /* GVCFunctions.m */; };
		056F599F147EEDD10076010D /* GVCMacros.h in Headers */ = {isa = PBXBuildFile; fileRef = 056F599C147EEDD10076010D /* GVCMacros.h */; settings = {ATTRIBUTES = (Public, ); }; };
		056F59A8147EF4630076010D /* GVCFunctionsTest.m in Sources */ = {isa = PBXBuildFile; fileRef = 056F59A7147EF4630076010D /* GVCFunctionsTest.m */; };
		056F59E5147EFC540076010D /* GVCFoundation.h in Headers */ = {isa = PBXBuildFile; fileRef = 056F5938147EE84D0076010D /* GVCFoundation.h */; settings = {ATTRIBUTES = (Public, ); }; };
/* End PBXBuildFile section */

/* Begin PBXContainerItemProxy section */
		056F5946147EE84D0076010D /* PBXContainerItemProxy */ = {
			isa = PBXContainerItemProxy;
			containerPortal = 056F5927147EE84C0076010D /* Project object */;
			proxyType = 1;
			remoteGlobalIDString = 056F592F147EE84D0076010D;
			remoteInfo = GVCFoundation;
		};
/* End PBXContainerItemProxy section */

/* Begin PBXFileReference section */
		056F5930147EE84D0076010D /* libGVCFoundation.a */ = {isa = PBXFileReference; explicitFileType = archive.ar; includeInIndex = 0; path = libGVCFoundation.a; sourceTree = BUILT_PRODUCTS_DIR; };
		056F5933147EE84D0076010D /* Foundation.framework */ = {isa = PBXFileReference; lastKnownFileType = wrapper.framework; name = Foundation.framework; path = System/Library/Frameworks/Foundation.framework; sourceTree = SDKROOT; };
		056F5937147EE84D0076010D /* GVCFoundation-Prefix.pch */ = {isa = PBXFileReference; lastKnownFileType = sourcecode.c.h; path = "GVCFoundation-Prefix.pch"; sourceTree = "<group>"; };
		056F5938147EE84D0076010D /* GVCFoundation.h */ = {isa = PBXFileReference; lastKnownFileType = sourcecode.c.h; path = GVCFoundation.h; sourceTree = "<group>"; };
		056F5940147EE84D0076010D /* GVCFoundationTests.octest */ = {isa = PBXFileReference; explicitFileType = wrapper.cfbundle; includeInIndex = 0; path = GVCFoundationTests.octest; sourceTree = BUILT_PRODUCTS_DIR; };
		056F5941147EE84D0076010D /* SenTestingKit.framework */ = {isa = PBXFileReference; lastKnownFileType = wrapper.framework; name = SenTestingKit.framework; path = Library/Frameworks/SenTestingKit.framework; sourceTree = DEVELOPER_DIR; };
		056F594B147EE84D0076010D /* GVCFoundationTests-Info.plist */ = {isa = PBXFileReference; lastKnownFileType = text.plist.xml; path = "GVCFoundationTests-Info.plist"; sourceTree = "<group>"; };
		056F594D147EE84D0076010D /* en */ = {isa = PBXFileReference; lastKnownFileType = text.plist.strings; name = en; path = en.lproj/InfoPlist.strings; sourceTree = "<group>"; };
		056F5950147EE84D0076010D /* GVCFoundationTests.m */ = {isa = PBXFileReference; lastKnownFileType = sourcecode.c.objc; path = GVCFoundationTests.m; sourceTree = "<group>"; };
		056F595B147EED900076010D /* BuildKitHeader.sh */ = {isa = PBXFileReference; lastKnownFileType = text.script.sh; path = BuildKitHeader.sh; sourceTree = "<group>"; };
		056F595C147EED900076010D /* GitIgnore.txt */ = {isa = PBXFileReference; lastKnownFileType = text; path = GitIgnore.txt; sourceTree = "<group>"; };
		056F595D147EED900076010D /* GVCDebug.xcconfig */ = {isa = PBXFileReference; lastKnownFileType = text.xcconfig; path = GVCDebug.xcconfig; sourceTree = "<group>"; };
		056F595E147EED900076010D /* GVCRelease.xcconfig */ = {isa = PBXFileReference; lastKnownFileType = text.xcconfig; path = GVCRelease.xcconfig; sourceTree = "<group>"; };
		056F5960147EED900076010D /* GVC License.md */ = {isa = PBXFileReference; lastKnownFileType = text; path = "GVC License.md"; sourceTree = "<group>"; };
		056F5964147EED900076010D /* ___FILEBASENAME___.c */ = {isa = PBXFileReference; lastKnownFileType = sourcecode.c.c; path = "___FILEBASENAME___.c"; sourceTree = "<group>"; };
		056F5965147EED900076010D /* TemplateInfo.plist */ = {isa = PBXFileReference; lastKnownFileType = text.plist.xml; path = TemplateInfo.plist; sourceTree = "<group>"; };
		056F5967147EED900076010D /* ___FILEBASENAME___.h */ = {isa = PBXFileReference; lastKnownFileType = sourcecode.c.h; path = "___FILEBASENAME___.h"; sourceTree = "<group>"; };
		056F5968147EED900076010D /* TemplateInfo.plist */ = {isa = PBXFileReference; lastKnownFileType = text.plist.xml; path = TemplateInfo.plist; sourceTree = "<group>"; };
		056F596A147EED900076010D /* ___FILEBASENAME___.h */ = {isa = PBXFileReference; lastKnownFileType = sourcecode.c.h; path = "___FILEBASENAME___.h"; sourceTree = "<group>"; };
		056F596B147EED900076010D /* ___FILEBASENAME___.m */ = {isa = PBXFileReference; lastKnownFileType = sourcecode.c.objc; path = "___FILEBASENAME___.m"; sourceTree = "<group>"; };
		056F596C147EED900076010D /* TemplateIcon.icns */ = {isa = PBXFileReference; lastKnownFileType = image.icns; path = TemplateIcon.icns; sourceTree = "<group>"; };
		056F596D147EED910076010D /* TemplateInfo.plist */ = {isa = PBXFileReference; lastKnownFileType = text.plist.xml; path = TemplateInfo.plist; sourceTree = "<group>"; };
		056F5970147EED910076010D /* ___FILEBASENAME___.h */ = {isa = PBXFileReference; lastKnownFileType = sourcecode.c.h; path = "___FILEBASENAME___.h"; sourceTree = "<group>"; };
		056F5971147EED910076010D /* ___FILEBASENAME___.m */ = {isa = PBXFileReference; lastKnownFileType = sourcecode.c.objc; path = "___FILEBASENAME___.m"; sourceTree = "<group>"; };
		056F5972147EED910076010D /* TemplateIcon.icns */ = {isa = PBXFileReference; lastKnownFileType = image.icns; path = TemplateIcon.icns; sourceTree = "<group>"; };
		056F5973147EED910076010D /* TemplateInfo.plist */ = {isa = PBXFileReference; lastKnownFileType = text.plist.xml; path = TemplateInfo.plist; sourceTree = "<group>"; };
		056F5975147EED910076010D /* ___FILEBASENAME___.h */ = {isa = PBXFileReference; lastKnownFileType = sourcecode.c.h; path = "___FILEBASENAME___.h"; sourceTree = "<group>"; };
		056F5976147EED910076010D /* ___FILEBASENAME___.m */ = {isa = PBXFileReference; lastKnownFileType = sourcecode.c.objc; path = "___FILEBASENAME___.m"; sourceTree = "<group>"; };
		056F5977147EED910076010D /* TemplateInfo.plist */ = {isa = PBXFileReference; lastKnownFileType = text.plist.xml; path = TemplateInfo.plist; sourceTree = "<group>"; };
		056F5979147EED910076010D /* ___FILEBASENAME___.h */ = {isa = PBXFileReference; lastKnownFileType = sourcecode.c.h; path = "___FILEBASENAME___.h"; sourceTree = "<group>"; };
		056F597A147EED910076010D /* TemplateIcon.icns */ = {isa = PBXFileReference; lastKnownFileType = image.icns; path = TemplateIcon.icns; sourceTree = "<group>"; };
		056F597B147EED910076010D /* TemplateInfo.plist */ = {isa = PBXFileReference; lastKnownFileType = text.plist.xml; path = TemplateInfo.plist; sourceTree = "<group>"; };
		056F597D147EED910076010D /* ___FILEBASENAME___.m */ = {isa = PBXFileReference; lastKnownFileType = sourcecode.c.objc; path = "___FILEBASENAME___.m"; sourceTree = "<group>"; };
		056F597E147EED910076010D /* TemplateIcon.icns */ = {isa = PBXFileReference; lastKnownFileType = image.icns; path = TemplateIcon.icns; sourceTree = "<group>"; };
		056F597F147EED910076010D /* TemplateInfo.plist */ = {isa = PBXFileReference; lastKnownFileType = text.plist.xml; path = TemplateInfo.plist; sourceTree = "<group>"; };
		056F5980147EED910076010D /* README.md */ = {isa = PBXFileReference; lastKnownFileType = text; path = README.md; sourceTree = "<group>"; };
		056F5981147EED910076010D /* templateInstall.sh */ = {isa = PBXFileReference; lastKnownFileType = text.script.sh; path = templateInstall.sh; sourceTree = "<group>"; };
		056F5983147EEDB20076010D /* NSArrayAdditionsTest.m */ = {isa = PBXFileReference; fileEncoding = 4; lastKnownFileType = sourcecode.c.objc; path = NSArrayAdditionsTest.m; sourceTree = "<group>"; };
		056F5984147EEDB20076010D /* NSDataAdditionsTest.m */ = {isa = PBXFileReference; fileEncoding = 4; lastKnownFileType = sourcecode.c.objc; path = NSDataAdditionsTest.m; sourceTree = "<group>"; };
		056F5985147EEDB20076010D /* NSStringAdditionsTest.m */ = {isa = PBXFileReference; fileEncoding = 4; lastKnownFileType = sourcecode.c.objc; path = NSStringAdditionsTest.m; sourceTree = "<group>"; };
		056F598A147EEDC40076010D /* NSArray+GVCFoundation.h */ = {isa = PBXFileReference; fileEncoding = 4; lastKnownFileType = sourcecode.c.h; path = "NSArray+GVCFoundation.h"; sourceTree = "<group>"; };
		056F598B147EEDC40076010D /* NSArray+GVCFoundation.m */ = {isa = PBXFileReference; fileEncoding = 4; lastKnownFileType = sourcecode.c.objc; path = "NSArray+GVCFoundation.m"; sourceTree = "<group>"; };
		056F598C147EEDC40076010D /* NSBundle+GVCFoundation.h */ = {isa = PBXFileReference; fileEncoding = 4; lastKnownFileType = sourcecode.c.h; path = "NSBundle+GVCFoundation.h"; sourceTree = "<group>"; };
		056F598D147EEDC40076010D /* NSBundle+GVCFoundation.m */ = {isa = PBXFileReference; fileEncoding = 4; lastKnownFileType = sourcecode.c.objc; path = "NSBundle+GVCFoundation.m"; sourceTree = "<group>"; };
		056F598E147EEDC40076010D /* NSData+GVCFoundation.h */ = {isa = PBXFileReference; fileEncoding = 4; lastKnownFileType = sourcecode.c.h; path = "NSData+GVCFoundation.h"; sourceTree = "<group>"; };
		056F598F147EEDC40076010D /* NSData+GVCFoundation.m */ = {isa = PBXFileReference; fileEncoding = 4; lastKnownFileType = sourcecode.c.objc; path = "NSData+GVCFoundation.m"; sourceTree = "<group>"; };
		056F5990147EEDC40076010D /* NSString+GVCFoundation.h */ = {isa = PBXFileReference; fileEncoding = 4; lastKnownFileType = sourcecode.c.h; path = "NSString+GVCFoundation.h"; sourceTree = "<group>"; };
		056F5991147EEDC40076010D /* NSString+GVCFoundation.m */ = {isa = PBXFileReference; fileEncoding = 4; lastKnownFileType = sourcecode.c.objc; path = "NSString+GVCFoundation.m"; sourceTree = "<group>"; };
		056F599A147EEDD10076010D /* GVCFunctions.h */ = {isa = PBXFileReference; fileEncoding = 4; lastKnownFileType = sourcecode.c.h; path = GVCFunctions.h; sourceTree = "<group>"; };
		056F599B147EEDD10076010D /* GVCFunctions.m */ = {isa = PBXFileReference; fileEncoding = 4; lastKnownFileType = sourcecode.c.objc; path = GVCFunctions.m; sourceTree = "<group>"; };
		056F599C147EEDD10076010D /* GVCMacros.h */ = {isa = PBXFileReference; fileEncoding = 4; lastKnownFileType = sourcecode.c.h; path = GVCMacros.h; sourceTree = "<group>"; };
		056F59A7147EF4630076010D /* GVCFunctionsTest.m */ = {isa = PBXFileReference; fileEncoding = 4; lastKnownFileType = sourcecode.c.objc; path = GVCFunctionsTest.m; sourceTree = "<group>"; };
/* End PBXFileReference section */

/* Begin PBXFrameworksBuildPhase section */
		056F592D147EE84D0076010D /* Frameworks */ = {
			isa = PBXFrameworksBuildPhase;
			buildActionMask = 2147483647;
			files = (
				056F5934147EE84D0076010D /* Foundation.framework in Frameworks */,
			);
			runOnlyForDeploymentPostprocessing = 0;
		};
		056F593C147EE84D0076010D /* Frameworks */ = {
			isa = PBXFrameworksBuildPhase;
			buildActionMask = 2147483647;
			files = (
				056F5942147EE84D0076010D /* SenTestingKit.framework in Frameworks */,
				056F5945147EE84D0076010D /* Foundation.framework in Frameworks */,
				056F5948147EE84D0076010D /* libGVCFoundation.a in Frameworks */,
			);
			runOnlyForDeploymentPostprocessing = 0;
		};
/* End PBXFrameworksBuildPhase section */

/* Begin PBXGroup section */
		056F5925147EE84C0076010D = {
			isa = PBXGroup;
			children = (
				056F5935147EE84D0076010D /* GVCFoundation */,
				056F5949147EE84D0076010D /* GVCFoundationTests */,
				056F595A147EED900076010D /* Resources */,
				056F5932147EE84D0076010D /* Frameworks */,
				056F5931147EE84D0076010D /* Products */,
			);
			sourceTree = "<group>";
		};
		056F5931147EE84D0076010D /* Products */ = {
			isa = PBXGroup;
			children = (
				056F5930147EE84D0076010D /* libGVCFoundation.a */,
				056F5940147EE84D0076010D /* GVCFoundationTests.octest */,
			);
			name = Products;
			sourceTree = "<group>";
		};
		056F5932147EE84D0076010D /* Frameworks */ = {
			isa = PBXGroup;
			children = (
				056F5933147EE84D0076010D /* Foundation.framework */,
				056F5941147EE84D0076010D /* SenTestingKit.framework */,
			);
			name = Frameworks;
			sourceTree = "<group>";
		};
		056F5935147EE84D0076010D /* GVCFoundation */ = {
			isa = PBXGroup;
			children = (
				056F5989147EEDC40076010D /* Additions */,
				056F5938147EE84D0076010D /* GVCFoundation.h */,
				056F599A147EEDD10076010D /* GVCFunctions.h */,
				056F599B147EEDD10076010D /* GVCFunctions.m */,
				056F599C147EEDD10076010D /* GVCMacros.h */,
				056F5936147EE84D0076010D /* Supporting Files */,
			);
			path = GVCFoundation;
			sourceTree = "<group>";
		};
		056F5936147EE84D0076010D /* Supporting Files */ = {
			isa = PBXGroup;
			children = (
				056F5937147EE84D0076010D /* GVCFoundation-Prefix.pch */,
			);
			name = "Supporting Files";
			sourceTree = "<group>";
		};
		056F5949147EE84D0076010D /* GVCFoundationTests */ = {
			isa = PBXGroup;
			children = (
				056F5982147EEDB20076010D /* Additions */,
				056F5950147EE84D0076010D /* GVCFoundationTests.m */,
				056F59A7147EF4630076010D /* GVCFunctionsTest.m */,
				056F594A147EE84D0076010D /* Supporting Files */,
			);
			path = GVCFoundationTests;
			sourceTree = "<group>";
		};
		056F594A147EE84D0076010D /* Supporting Files */ = {
			isa = PBXGroup;
			children = (
				056F594B147EE84D0076010D /* GVCFoundationTests-Info.plist */,
				056F594C147EE84D0076010D /* InfoPlist.strings */,
			);
			name = "Supporting Files";
			sourceTree = "<group>";
		};
		056F595A147EED900076010D /* Resources */ = {
			isa = PBXGroup;
			children = (
				056F595B147EED900076010D /* BuildKitHeader.sh */,
				056F595C147EED900076010D /* GitIgnore.txt */,
				056F595D147EED900076010D /* GVCDebug.xcconfig */,
				056F595E147EED900076010D /* GVCRelease.xcconfig */,
				056F595F147EED900076010D /* Licenses */,
				056F5961147EED900076010D /* Templates */,
			);
			path = Resources;
			sourceTree = "<group>";
		};
		056F595F147EED900076010D /* Licenses */ = {
			isa = PBXGroup;
			children = (
				056F5960147EED900076010D /* GVC License.md */,
			);
			path = Licenses;
			sourceTree = "<group>";
		};
		056F5961147EED900076010D /* Templates */ = {
			isa = PBXGroup;
			children = (
				056F5962147EED900076010D /* GVC Foundation */,
				056F5980147EED910076010D /* README.md */,
				056F5981147EED910076010D /* templateInstall.sh */,
			);
			path = Templates;
			sourceTree = "<group>";
		};
		056F5962147EED900076010D /* GVC Foundation */ = {
			isa = PBXGroup;
			children = (
				056F5963147EED900076010D /* GVC Foundation C.xctemplate */,
				056F5966147EED900076010D /* GVC Foundation Header.xctemplate */,
				056F5969147EED900076010D /* GVC Foundation ObjC category.xctemplate */,
				056F596E147EED910076010D /* GVC Foundation ObjC class.xctemplate */,
				056F5974147EED910076010D /* GVC Foundation ObjC new superclass.xctemplate */,
				056F5978147EED910076010D /* GVC Foundation ObjC protocol.xctemplate */,
				056F597C147EED910076010D /* GVC Foundation ObjC test case.xctemplate */,
			);
			path = "GVC Foundation";
			sourceTree = "<group>";
		};
		056F5963147EED900076010D /* GVC Foundation C.xctemplate */ = {
			isa = PBXGroup;
			children = (
				056F5964147EED900076010D /* ___FILEBASENAME___.c */,
				056F5965147EED900076010D /* TemplateInfo.plist */,
			);
			path = "GVC Foundation C.xctemplate";
			sourceTree = "<group>";
		};
		056F5966147EED900076010D /* GVC Foundation Header.xctemplate */ = {
			isa = PBXGroup;
			children = (
				056F5967147EED900076010D /* ___FILEBASENAME___.h */,
				056F5968147EED900076010D /* TemplateInfo.plist */,
			);
			path = "GVC Foundation Header.xctemplate";
			sourceTree = "<group>";
		};
		056F5969147EED900076010D /* GVC Foundation ObjC category.xctemplate */ = {
			isa = PBXGroup;
			children = (
				056F596A147EED900076010D /* ___FILEBASENAME___.h */,
				056F596B147EED900076010D /* ___FILEBASENAME___.m */,
				056F596C147EED900076010D /* TemplateIcon.icns */,
				056F596D147EED910076010D /* TemplateInfo.plist */,
			);
			path = "GVC Foundation ObjC category.xctemplate";
			sourceTree = "<group>";
		};
		056F596E147EED910076010D /* GVC Foundation ObjC class.xctemplate */ = {
			isa = PBXGroup;
			children = (
				056F596F147EED910076010D /* NSObject */,
				056F5972147EED910076010D /* TemplateIcon.icns */,
				056F5973147EED910076010D /* TemplateInfo.plist */,
			);
			path = "GVC Foundation ObjC class.xctemplate";
			sourceTree = "<group>";
		};
		056F596F147EED910076010D /* NSObject */ = {
			isa = PBXGroup;
			children = (
				056F5970147EED910076010D /* ___FILEBASENAME___.h */,
				056F5971147EED910076010D /* ___FILEBASENAME___.m */,
			);
			path = NSObject;
			sourceTree = "<group>";
		};
		056F5974147EED910076010D /* GVC Foundation ObjC new superclass.xctemplate */ = {
			isa = PBXGroup;
			children = (
				056F5975147EED910076010D /* ___FILEBASENAME___.h */,
				056F5976147EED910076010D /* ___FILEBASENAME___.m */,
				056F5977147EED910076010D /* TemplateInfo.plist */,
			);
			path = "GVC Foundation ObjC new superclass.xctemplate";
			sourceTree = "<group>";
		};
		056F5978147EED910076010D /* GVC Foundation ObjC protocol.xctemplate */ = {
			isa = PBXGroup;
			children = (
				056F5979147EED910076010D /* ___FILEBASENAME___.h */,
				056F597A147EED910076010D /* TemplateIcon.icns */,
				056F597B147EED910076010D /* TemplateInfo.plist */,
			);
			path = "GVC Foundation ObjC protocol.xctemplate";
			sourceTree = "<group>";
		};
		056F597C147EED910076010D /* GVC Foundation ObjC test case.xctemplate */ = {
			isa = PBXGroup;
			children = (
				056F597D147EED910076010D /* ___FILEBASENAME___.m */,
				056F597E147EED910076010D /* TemplateIcon.icns */,
				056F597F147EED910076010D /* TemplateInfo.plist */,
			);
			path = "GVC Foundation ObjC test case.xctemplate";
			sourceTree = "<group>";
		};
		056F5982147EEDB20076010D /* Additions */ = {
			isa = PBXGroup;
			children = (
				056F5983147EEDB20076010D /* NSArrayAdditionsTest.m */,
				056F5984147EEDB20076010D /* NSDataAdditionsTest.m */,
				056F5985147EEDB20076010D /* NSStringAdditionsTest.m */,
			);
			path = Additions;
			sourceTree = "<group>";
		};
		056F5989147EEDC40076010D /* Additions */ = {
			isa = PBXGroup;
			children = (
				056F598A147EEDC40076010D /* NSArray+GVCFoundation.h */,
				056F598B147EEDC40076010D /* NSArray+GVCFoundation.m */,
				056F598C147EEDC40076010D /* NSBundle+GVCFoundation.h */,
				056F598D147EEDC40076010D /* NSBundle+GVCFoundation.m */,
				056F598E147EEDC40076010D /* NSData+GVCFoundation.h */,
				056F598F147EEDC40076010D /* NSData+GVCFoundation.m */,
				056F5990147EEDC40076010D /* NSString+GVCFoundation.h */,
				056F5991147EEDC40076010D /* NSString+GVCFoundation.m */,
			);
			path = Additions;
			sourceTree = "<group>";
		};
/* End PBXGroup section */

/* Begin PBXHeadersBuildPhase section */
		056F592E147EE84D0076010D /* Headers */ = {
			isa = PBXHeadersBuildPhase;
			buildActionMask = 2147483647;
			files = (
				056F5992147EEDC40076010D /* NSArray+GVCFoundation.h in Headers */,
				056F5994147EEDC40076010D /* NSBundle+GVCFoundation.h in Headers */,
				056F5996147EEDC40076010D /* NSData+GVCFoundation.h in Headers */,
				056F5998147EEDC40076010D /* NSString+GVCFoundation.h in Headers */,
				056F599D147EEDD10076010D /* GVCFunctions.h in Headers */,
				056F599F147EEDD10076010D /* GVCMacros.h in Headers */,
				056F59E5147EFC540076010D /* GVCFoundation.h in Headers */,
			);
			runOnlyForDeploymentPostprocessing = 0;
		};
/* End PBXHeadersBuildPhase section */

/* Begin PBXNativeTarget section */
		056F592F147EE84D0076010D /* GVCFoundation */ = {
			isa = PBXNativeTarget;
			buildConfigurationList = 056F5954147EE84D0076010D /* Build configuration list for PBXNativeTarget "GVCFoundation" */;
			buildPhases = (
				056F59A3147EEE780076010D /* ShellScript */,
				056F592C147EE84D0076010D /* Sources */,
				056F592D147EE84D0076010D /* Frameworks */,
				056F592E147EE84D0076010D /* Headers */,
			);
			buildRules = (
			);
			dependencies = (
			);
			name = GVCFoundation;
			productName = GVCFoundation;
			productReference = 056F5930147EE84D0076010D /* libGVCFoundation.a */;
			productType = "com.apple.product-type.library.static";
		};
		056F593F147EE84D0076010D /* GVCFoundationTests */ = {
			isa = PBXNativeTarget;
			buildConfigurationList = 056F5957147EE84D0076010D /* Build configuration list for PBXNativeTarget "GVCFoundationTests" */;
			buildPhases = (
				056F593B147EE84D0076010D /* Sources */,
				056F593C147EE84D0076010D /* Frameworks */,
				056F593D147EE84D0076010D /* Resources */,
				056F593E147EE84D0076010D /* ShellScript */,
			);
			buildRules = (
			);
			dependencies = (
				056F5947147EE84D0076010D /* PBXTargetDependency */,
			);
			name = GVCFoundationTests;
			productName = GVCFoundationTests;
			productReference = 056F5940147EE84D0076010D /* GVCFoundationTests.octest */;
			productType = "com.apple.product-type.bundle";
		};
/* End PBXNativeTarget section */

/* Begin PBXProject section */
		056F5927147EE84C0076010D /* Project object */ = {
			isa = PBXProject;
			attributes = {
				LastUpgradeCheck = 0420;
				ORGANIZATIONNAME = "Global Village Consulting";
			};
			buildConfigurationList = 056F592A147EE84C0076010D /* Build configuration list for PBXProject "GVCFoundation" */;
			compatibilityVersion = "Xcode 3.2";
			developmentRegion = English;
			hasScannedForEncodings = 0;
			knownRegions = (
				en,
			);
			mainGroup = 056F5925147EE84C0076010D;
			productRefGroup = 056F5931147EE84D0076010D /* Products */;
			projectDirPath = "";
			projectRoot = "";
			targets = (
				056F592F147EE84D0076010D /* GVCFoundation */,
				056F593F147EE84D0076010D /* GVCFoundationTests */,
			);
		};
/* End PBXProject section */

/* Begin PBXResourcesBuildPhase section */
		056F593D147EE84D0076010D /* Resources */ = {
			isa = PBXResourcesBuildPhase;
			buildActionMask = 2147483647;
			files = (
				056F594E147EE84D0076010D /* InfoPlist.strings in Resources */,
			);
			runOnlyForDeploymentPostprocessing = 0;
		};
/* End PBXResourcesBuildPhase section */

/* Begin PBXShellScriptBuildPhase section */
		056F593E147EE84D0076010D /* ShellScript */ = {
			isa = PBXShellScriptBuildPhase;
			buildActionMask = 2147483647;
			files = (
			);
			inputPaths = (
			);
			outputPaths = (
			);
			runOnlyForDeploymentPostprocessing = 0;
			shellPath = /bin/sh;
			shellScript = "# Run the unit tests in this test bundle.\n\"${SYSTEM_DEVELOPER_DIR}/Tools/RunUnitTests\"\n";
		};
		056F59A3147EEE780076010D /* ShellScript */ = {
			isa = PBXShellScriptBuildPhase;
			buildActionMask = 2147483647;
			files = (
			);
			inputPaths = (
			);
			outputPaths = (
			);
			runOnlyForDeploymentPostprocessing = 0;
			shellPath = /bin/sh;
			shellScript = "${PROJECT_DIR}/Resources/BuildKitHeader.sh";
		};
/* End PBXShellScriptBuildPhase section */

/* Begin PBXSourcesBuildPhase section */
		056F592C147EE84D0076010D /* Sources */ = {
			isa = PBXSourcesBuildPhase;
			buildActionMask = 2147483647;
			files = (
				056F5993147EEDC40076010D /* NSArray+GVCFoundation.m in Sources */,
				056F5995147EEDC40076010D /* NSBundle+GVCFoundation.m in Sources */,
				056F5997147EEDC40076010D /* NSData+GVCFoundation.m in Sources */,
				056F5999147EEDC40076010D /* NSString+GVCFoundation.m in Sources */,
				056F599E147EEDD10076010D /* GVCFunctions.m in Sources */,
			);
			runOnlyForDeploymentPostprocessing = 0;
		};
		056F593B147EE84D0076010D /* Sources */ = {
			isa = PBXSourcesBuildPhase;
			buildActionMask = 2147483647;
			files = (
				056F5951147EE84D0076010D /* GVCFoundationTests.m in Sources */,
				056F5986147EEDB20076010D /* NSArrayAdditionsTest.m in Sources */,
				056F5987147EEDB20076010D /* NSDataAdditionsTest.m in Sources */,
				056F5988147EEDB20076010D /* NSStringAdditionsTest.m in Sources */,
				056F59A8147EF4630076010D /* GVCFunctionsTest.m in Sources */,
			);
			runOnlyForDeploymentPostprocessing = 0;
		};
/* End PBXSourcesBuildPhase section */

/* Begin PBXTargetDependency section */
		056F5947147EE84D0076010D /* PBXTargetDependency */ = {
			isa = PBXTargetDependency;
			target = 056F592F147EE84D0076010D /* GVCFoundation */;
			targetProxy = 056F5946147EE84D0076010D /* PBXContainerItemProxy */;
		};
/* End PBXTargetDependency section */

/* Begin PBXVariantGroup section */
		056F594C147EE84D0076010D /* InfoPlist.strings */ = {
			isa = PBXVariantGroup;
			children = (
				056F594D147EE84D0076010D /* en */,
			);
			name = InfoPlist.strings;
			sourceTree = "<group>";
		};
/* End PBXVariantGroup section */

/* Begin XCBuildConfiguration section */
		056F5952147EE84D0076010D /* Debug */ = {
			isa = XCBuildConfiguration;
			baseConfigurationReference = 056F595D147EED900076010D /* GVCDebug.xcconfig */;
			buildSettings = {
				ALWAYS_SEARCH_USER_PATHS = NO;
				ARCHS = "$(ARCHS_STANDARD_32_BIT)";
				CLANG_ENABLE_OBJC_ARC = YES;
				COPY_PHASE_STRIP = NO;
				GCC_C_LANGUAGE_STANDARD = gnu99;
				GCC_DYNAMIC_NO_PIC = NO;
				GCC_OPTIMIZATION_LEVEL = 0;
				GCC_PREPROCESSOR_DEFINITIONS = (
					"DEBUG=1",
					"$(inherited)",
				);
				GCC_SYMBOLS_PRIVATE_EXTERN = NO;
				GCC_VERSION = com.apple.compilers.llvm.clang.1_0;
				GCC_WARN_ABOUT_MISSING_PROTOTYPES = YES;
				GCC_WARN_ABOUT_RETURN_TYPE = YES;
				GCC_WARN_UNUSED_VARIABLE = YES;
				IPHONEOS_DEPLOYMENT_TARGET = 5.0;
				SDKROOT = iphoneos;
			};
			name = Debug;
		};
		056F5953147EE84D0076010D /* Release */ = {
			isa = XCBuildConfiguration;
			baseConfigurationReference = 056F595E147EED900076010D /* GVCRelease.xcconfig */;
			buildSettings = {
				ALWAYS_SEARCH_USER_PATHS = NO;
				ARCHS = "$(ARCHS_STANDARD_32_BIT)";
				CLANG_ENABLE_OBJC_ARC = YES;
				COPY_PHASE_STRIP = YES;
				GCC_C_LANGUAGE_STANDARD = gnu99;
				GCC_VERSION = com.apple.compilers.llvm.clang.1_0;
				GCC_WARN_ABOUT_MISSING_PROTOTYPES = YES;
				GCC_WARN_ABOUT_RETURN_TYPE = YES;
				GCC_WARN_UNUSED_VARIABLE = YES;
				IPHONEOS_DEPLOYMENT_TARGET = 5.0;
				SDKROOT = iphoneos;
				VALIDATE_PRODUCT = YES;
			};
			name = Release;
		};
		056F5955147EE84D0076010D /* Debug */ = {
			isa = XCBuildConfiguration;
			buildSettings = {
				DSTROOT = /tmp/GVCFoundation.dst;
				GCC_PRECOMPILE_PREFIX_HEADER = YES;
				GCC_PREFIX_HEADER = "GVCFoundation/GVCFoundation-Prefix.pch";
				OTHER_LDFLAGS = "-ObjC";
				PRODUCT_NAME = "$(TARGET_NAME)";
				SKIP_INSTALL = YES;
				TARGETED_DEVICE_FAMILY = "1,2";
			};
			name = Debug;
		};
		056F5956147EE84D0076010D /* Release */ = {
			isa = XCBuildConfiguration;
			buildSettings = {
				DSTROOT = /tmp/GVCFoundation.dst;
				GCC_PRECOMPILE_PREFIX_HEADER = YES;
				GCC_PREFIX_HEADER = "GVCFoundation/GVCFoundation-Prefix.pch";
				OTHER_LDFLAGS = "-ObjC";
				PRODUCT_NAME = "$(TARGET_NAME)";
				SKIP_INSTALL = YES;
				TARGETED_DEVICE_FAMILY = "1,2";
			};
			name = Release;
		};
		056F5958147EE84D0076010D /* Debug */ = {
			isa = XCBuildConfiguration;
			buildSettings = {
				FRAMEWORK_SEARCH_PATHS = (
					"$(SDKROOT)/Developer/Library/Frameworks",
					"$(DEVELOPER_LIBRARY_DIR)/Frameworks",
				);
				GCC_PRECOMPILE_PREFIX_HEADER = YES;
				GCC_PREFIX_HEADER = "GVCFoundation/GVCFoundation-Prefix.pch";
				INFOPLIST_FILE = "GVCFoundationTests/GVCFoundationTests-Info.plist";
				OTHER_LDFLAGS = "-ObjC";
				PRODUCT_NAME = "$(TARGET_NAME)";
				WRAPPER_EXTENSION = octest;
			};
			name = Debug;
		};
		056F5959147EE84D0076010D /* Release */ = {
			isa = XCBuildConfiguration;
			buildSettings = {
				FRAMEWORK_SEARCH_PATHS = (
					"$(SDKROOT)/Developer/Library/Frameworks",
					"$(DEVELOPER_LIBRARY_DIR)/Frameworks",
				);
				GCC_PRECOMPILE_PREFIX_HEADER = YES;
				GCC_PREFIX_HEADER = "GVCFoundation/GVCFoundation-Prefix.pch";
				INFOPLIST_FILE = "GVCFoundationTests/GVCFoundationTests-Info.plist";
				OTHER_LDFLAGS = "-ObjC";
				PRODUCT_NAME = "$(TARGET_NAME)";
				WRAPPER_EXTENSION = octest;
			};
			name = Release;
		};
/* End XCBuildConfiguration section */

/* Begin XCConfigurationList section */
		056F592A147EE84C0076010D /* Build configuration list for PBXProject "GVCFoundation" */ = {
			isa = XCConfigurationList;
			buildConfigurations = (
				056F5952147EE84D0076010D /* Debug */,
				056F5953147EE84D0076010D /* Release */,
			);
			defaultConfigurationIsVisible = 0;
			defaultConfigurationName = Release;
		};
		056F5954147EE84D0076010D /* Build configuration list for PBXNativeTarget "GVCFoundation" */ = {
			isa = XCConfigurationList;
			buildConfigurations = (
				056F5955147EE84D0076010D /* Debug */,
				056F5956147EE84D0076010D /* Release */,
			);
			defaultConfigurationIsVisible = 0;
			defaultConfigurationName = Release;
		};
		056F5957147EE84D0076010D /* Build configuration list for PBXNativeTarget "GVCFoundationTests" */ = {
			isa = XCConfigurationList;
			buildConfigurations = (
				056F5958147EE84D0076010D /* Debug */,
				056F5959147EE84D0076010D /* Release */,
			);
			defaultConfigurationIsVisible = 0;
			defaultConfigurationName = Release;
		};
/* End XCConfigurationList section */
	};
	rootObject = 056F5927147EE84C0076010D /* Project object */;
}
